PODS:
  - Alamofire (4.6.0)
  - GoogleMaps (2.6.0):
    - GoogleMaps/Maps (= 2.6.0)
  - GoogleMaps/Base (2.6.0)
  - GoogleMaps/Maps (2.6.0):
    - GoogleMaps/Base
  - PusherSwift (5.1.1)
  - PushNotifications (0.10.1)

DEPENDENCIES:
  - Alamofire (~> 4.6.0)
  - GoogleMaps (~> 2.6.0)
  - PusherSwift (~> 5.1.1)
  - PushNotifications

SPEC CHECKSUMS:
  Alamofire: f41a599bd63041760b26d393ec1069d9d7b917f4
  GoogleMaps: 42f91c68b7fa2f84d5c86597b18ceb99f5414c7f
  PusherSwift: de9238b6b9faec5275d452e5f43ce9c82b78731e
  PushNotifications: 932538facaee7bf33b38e0e274f1ced0b78f02b5

PODFILE CHECKSUM: 1b576d62fe3a165829876999e1a9bad9ea665f2f

COCOAPODS: 1.3.1
